annotated-doc==0.0.5
annotated-types==0.8.0
antlr4-python3-runtime==4.9.3
anyio==4.14.2
beartype==0.22.9
biopython==1.88
biotite==1.6.0
biotraj==1.2.2
brotli==1.2.0
build==1.6.1
certifi==2026.7.22
charset-normalizer==3.5.1
chembl_structure_pipeline==1.2.4
click==8.5.0
cloudpathlib==0.25.0
cloudpickle==3.1.2
contourpy==1.3.3
cycler==0.12.1
cytoolz==1.1.0
einops==0.8.2
filelock==3.32.5
fonttools==4.64.0
fsspec==2026.7.0
func_timeout==4.3.5
gemmi==0.7.5
graphviz==0.21
h11==0.16.0
hf-xet==1.6.0
httpcore==1.0.9
httpx==0.28.1
huggingface_hub==1.29.0
hydride==1.2.3
idna==3.19
ihm==2.11
iniconfig==2.3.0
jaxtyping==0.3.11
Jinja2==3.1.6
joblib==1.6.0
kiwisolver==1.5.1
llvmlite==0.49.0
loguru==0.7.3
markdown-it-py==4.2.0
MarkupSafe==3.0.3
mashumaro==3.22
matplotlib==3.11.1
mdurl==0.1.2
ml_dtypes==0.5.4
modelcif==1.8
mpmath==1.3.0
msgpack==1.2.2
msgpack-numpy==0.4.8
narwhals==2.25.0
networkx==3.6.1
numba==0.67.0
numpy==2.5.2
omegaconf==2.3.1
opt_einsum==3.4.0
packaging==26.3
pandas==3.0.5
pdbeccdutils==1.0.4
pillow==12.3.0
pluggy==1.6.0
py-spy==0.4.2
pyarrow==25.0.1
pydantic==2.13.5
pydantic_core==2.46.5
pydssp==0.9.1
Pygments==2.21.0
pyparsing==3.3.2
pyproject_hooks==1.2.0
pytest==9.1.1
python-dateutil==2.9.0.post0
PyYAML==6.0.3
rdkit==2026.3.5
regex==2026.9.3
requests==2.34.2
rich==15.0.0
safetensors==0.8.0
scikit-learn==1.9.0
scipy==1.18.1
seaborn==0.13.2
setuptools==84.0.0
shellingham==1.5.4
six==1.17.0
sympy==1.14.0
threadpoolctl==3.6.0
tokenizers==0.23.1
toolz==1.1.0
torch==2.8.0+cpu
tqdm==4.70.0
transformers==5.16.1
ttnn==0.68.0
typer==0.27.2
typing-inspection==0.4.4
typing_extensions==4.16.0
urllib3==2.7.0
wadler_lindig==0.1.7
wheel==0.48.0
zstandard==0.25.0
zstd==1.5.7.2
